
Microsoft Visual Studio Solution File, Format Version 12.00
# Visual Studio Version 17
VisualStudioVersion = 17.8.34322.80
MinimumVisualStudioVersion = 10.0.40219.1
Project("{FAE04EC0-301F-11D3-BF4B-00C04F79EFBC}") = "PDF EDIT4", "PDF EDIT4\PDF EDIT4.csproj", "{41739F04-5920-4717-A52F-378A6B52A55B}"
EndProject
Global
	GlobalSection(SolutionConfigurationPlatforms) = preSolution
		Debug|Any CPU = Debug|Any CPU
		Release|Any CPU = Release|Any CPU
	EndGlobalSection
	GlobalSection(ProjectConfigurationPlatforms) = postSolution
		{41739F04-5920-4717-A52F-378A6B52A55B}.Debug|Any CPU.ActiveCfg = Debug|Any CPU
		{41739F04-5920-4717-A52F-378A6B52A55B}.Debug|Any CPU.Build.0 = Debug|Any CPU
		{41739F04-5920-4717-A52F-378A6B52A55B}.Release|Any CPU.ActiveCfg = Release|Any CPU
		{41739F04-5920-4717-A52F-378A6B52A55B}.Release|Any CPU.Build.0 = Release|Any CPU
	EndGlobalSection
	GlobalSection(SolutionProperties) = preSolution
		HideSolutionNode = FALSE
	EndGlobalSection
	GlobalSection(ExtensibilityGlobals) = postSolution
		SolutionGuid = {85A6CF4A-33B7-4DAD-A54B-E3A86C4CCD1C}
	EndGlobalSection
EndGlobal
